
Microsoft Visual Studio Solution File, Format Version 12.00
# Visual Studio Version 17
VisualStudioVersion = 17.0.32014.148
MinimumVisualStudioVersion = 10.0.40219.1
Project("{FAE04EC0-301F-11D3-BF4B-00C04F79EFBC}") = "PrimerAPI", "PrimerAPI\PrimerAPI.csproj", "{8DC36B90-15F4-4905-8FCD-016D07D0BF13}"
EndProject
Global
	GlobalSection(SolutionConfigurationPlatforms) = preSolution
		Debug|Any CPU = Debug|Any CPU
		Release|Any CPU = Release|Any CPU
	EndGlobalSection
	GlobalSection(ProjectConfigurationPlatforms) = postSolution
		{8DC36B90-15F4-4905-8FCD-016D07D0BF13}.Debug|Any CPU.ActiveCfg = Debug|Any CPU
		{8DC36B90-15F4-4905-8FCD-016D07D0BF13}.Debug|Any CPU.Build.0 = Debug|Any CPU
		{8DC36B90-15F4-4905-8FCD-016D07D0BF13}.Release|Any CPU.ActiveCfg = Release|Any CPU
		{8DC36B90-15F4-4905-8FCD-016D07D0BF13}.Release|Any CPU.Build.0 = Release|Any CPU
	EndGlobalSection
	GlobalSection(SolutionProperties) = preSolution
		HideSolutionNode = FALSE
	EndGlobalSection
	GlobalSection(ExtensibilityGlobals) = postSolution
		SolutionGuid = {497E8419-5A1A-4349-AA7C-A3A297B3F5B1}
	EndGlobalSection
EndGlobal
